
Microsoft Visual Studio Solution File, Format Version 11.00
# Visual Studio 2010
Project("{F184B08F-C81C-45F6-A57F-5ABD9991F28F}") = "CharPad", "Assingment6\CharPad.vbproj", "{E964DAD6-370B-49D0-B0CE-A6E54EB90BCF}"
EndProject
Global
	GlobalSection(SolutionConfigurationPlatforms) = preSolution
		Debug|x86 = Debug|x86
		Release|x86 = Release|x86
	EndGlobalSection
	GlobalSection(ProjectConfigurationPlatforms) = postSolution
		{E964DAD6-370B-49D0-B0CE-A6E54EB90BCF}.Debug|x86.ActiveCfg = Debug|x86
		{E964DAD6-370B-49D0-B0CE-A6E54EB90BCF}.Debug|x86.Build.0 = Debug|x86
		{E964DAD6-370B-49D0-B0CE-A6E54EB90BCF}.Release|x86.ActiveCfg = Release|x86
		{E964DAD6-370B-49D0-B0CE-A6E54EB90BCF}.Release|x86.Build.0 = Release|x86
	EndGlobalSection
	GlobalSection(SolutionProperties) = preSolution
		HideSolutionNode = FALSE
	EndGlobalSection
EndGlobal
